
Microsoft Visual Studio Solution File, Format Version 12.00
# Visual Studio Version 17
VisualStudioVersion = 17.7.34024.191
MinimumVisualStudioVersion = 10.0.40219.1
Project("{FAE04EC0-301F-11D3-BF4B-00C04F79EFBC}") = "CHALLENGEIntuit-Back", "CHALLENGEIntuit-Back.csproj", "{EC01ED82-B13D-4560-B7C2-97A10FFE59A4}"
EndProject
Global
	GlobalSection(SolutionConfigurationPlatforms) = preSolution
		Debug|Any CPU = Debug|Any CPU
		Release|Any CPU = Release|Any CPU
	EndGlobalSection
	GlobalSection(ProjectConfigurationPlatforms) = postSolution
		{EC01ED82-B13D-4560-B7C2-97A10FFE59A4}.Debug|Any CPU.ActiveCfg = Debug|Any CPU
		{EC01ED82-B13D-4560-B7C2-97A10FFE59A4}.Debug|Any CPU.Build.0 = Debug|Any CPU
		{EC01ED82-B13D-4560-B7C2-97A10FFE59A4}.Release|Any CPU.ActiveCfg = Release|Any CPU
		{EC01ED82-B13D-4560-B7C2-97A10FFE59A4}.Release|Any CPU.Build.0 = Release|Any CPU
	EndGlobalSection
	GlobalSection(SolutionProperties) = preSolution
		HideSolutionNode = FALSE
	EndGlobalSection
	GlobalSection(ExtensibilityGlobals) = postSolution
		SolutionGuid = {7F0390F3-91F7-48C8-958C-1F5EF67C667C}
	EndGlobalSection
EndGlobal
